# This file was autogenerated by Stack.
# You should not edit this file by hand.
# For more information, please see the documentation at:
#   https://docs.haskellstack.org/en/stable/lock_files

packages: []
snapshots:
- completed:
    size: 492864
    url: https://raw.githubusercontent.com/commercialhaskell/stackage-snapshots/master/lts/13/2.yaml
    sha256: 586534518d3e7be8617d97ea296f05f497c0b4bb006f100367d66f5c45ae6268
  original: lts-13.2
