# This file was autogenerated by Stack.
# You should not edit this file by hand.
# For more information, please see the documentation at:
#   https://docs.haskellstack.org/en/stable/lock_files

packages:
- completed:
    hackage: crypton-1.0.0@sha256:637e58581978c84ef1288d14fa9cac1d2905ef60e319924293bc11250aca882d,14527
    pantry-tree:
      sha256: 4b5e5511567c0fe735a224cb8b2b278e1caa79344f2940d030d169e69b1b81e1
      size: 23275
  original:
    hackage: crypton-1.0.0
- completed:
    hackage: hoauth2-2.0.0@sha256:4686d776272d4c57d3c8dbeb9e58b04afe4d2b410382011bd78a3d2bfb08a3fe,5662
    pantry-tree:
      sha256: 291b3dd90854ef44f270519ec17e34b6778f8430f6d6517bd67b0128bd549553
      size: 2171
  original:
    hackage: hoauth2-2.0.0
snapshots:
- completed:
    sha256: 428ec8d5ce932190d3cbe266b9eb3c175cd81e984babf876b64019e2cbe4ea68
    size: 590100
    url: https://raw.githubusercontent.com/commercialhaskell/stackage-snapshots/master/lts/18/28.yaml
  original: lts-18.28
