# This file was autogenerated by Stack.
# You should not edit this file by hand.
# For more information, please see the documentation at:
#   https://docs.haskellstack.org/en/stable/lock_files

packages:
- completed:
    hackage: hoauth2-2.9.0@sha256:b12385374771dd2d134cb88234aa80c4ab381ff0c491870a3be5f2676c3fade6,3529
    pantry-tree:
      sha256: 33a8b924018c8c2d7b08dfbd16ec00e6f645ab9d5c653a0e335132936641bc82
      size: 2129
  original:
    hackage: hoauth2-2.9.0
snapshots:
- completed:
    sha256: e1e4b585723b266822e37cf602d87b57c7c8774b7e5f6b84fdcc580ea5eb2bf1
    size: 697668
    url: https://raw.githubusercontent.com/commercialhaskell/stackage-snapshots/master/nightly/2023/10/30.yaml
  original: nightly-2023-10-30
