# This file was autogenerated by Stack.
# You should not edit this file by hand.
# For more information, please see the documentation at:
#   https://docs.haskellstack.org/en/stable/lock_files

packages:
- completed:
    hackage: hoauth2-1.14.0@sha256:fcb4284fc78950c91d5b548317c51bd99a5ced84f4bb9e6153624b5783e4215f,5628
    pantry-tree:
      size: 2046
      sha256: f25e2c2c101312196159dad5a3e2a4c8f549ed2d036d9566b66786d758db7dba
  original:
    hackage: hoauth2-1.14.0@sha256:fcb4284fc78950c91d5b548317c51bd99a5ced84f4bb9e6153624b5783e4215f,5628
snapshots:
- completed:
    size: 492864
    url: https://raw.githubusercontent.com/commercialhaskell/stackage-snapshots/master/lts/13/2.yaml
    sha256: 586534518d3e7be8617d97ea296f05f497c0b4bb006f100367d66f5c45ae6268
  original: lts-13.2
