# This file was autogenerated by Stack.
# You should not edit this file by hand.
# For more information, please see the documentation at:
#   https://docs.haskellstack.org/en/stable/lock_files

packages:
- completed:
    hackage: yesod-auth-1.6.11.2@sha256:c580afaccc311ad90fc8a90210b5cf998d95350ddffb622e45282d9b640cf519,3108
    pantry-tree:
      sha256: 58e36ca675fc01109915342d4df9cb2680fd37ff20919d84694cdd1d52eb7dc3
      size: 1013
  original:
    hackage: yesod-auth-1.6.11.2
- completed:
    hackage: email-validate-2.3.2.19@sha256:206a835fe99a79f2360c576e3594d8add82d2f1e001d58b49a60f60233da2bf5,1380
    pantry-tree:
      sha256: 391475ca7c84d59b1d8de362856acd2f56321d29d54ffcd05ed2a170d4e62692
      size: 419
  original:
    hackage: email-validate-2.3.2.19
- completed:
    hackage: yesod-form-1.7.6@sha256:42219f2c4feaa2de32280c0b8f98db818f993152693a79960808fd3001a4c0e2,3434
    pantry-tree:
      sha256: 8a48fc861796a61cf6abd2087fedd86844ba5c3e11c89c74d2d04c4656d69997
      size: 1797
  original:
    hackage: yesod-form-1.7.6
snapshots:
- completed:
    sha256: d544407168c7fd816474f52599144e791e6b0ab3a43c4168b4bbb29287f45001
    size: 604200
    url: https://raw.githubusercontent.com/commercialhaskell/stackage-snapshots/master/nightly/2024/2/20.yaml
  original: nightly-2024-02-20
