# This file was autogenerated by Stack.
# You should not edit this file by hand.
# For more information, please see the documentation at:
#   https://docs.haskellstack.org/en/stable/lock_files

packages:
- completed:
    hackage: crypton-1.0.0@sha256:637e58581978c84ef1288d14fa9cac1d2905ef60e319924293bc11250aca882d,14527
    pantry-tree:
      sha256: 4b5e5511567c0fe735a224cb8b2b278e1caa79344f2940d030d169e69b1b81e1
      size: 23275
  original:
    hackage: crypton-1.0.0
- completed:
    hackage: hoauth2-2.2.0@sha256:83a96156717d9e2c93394b35bef4151f82b90dc88b83d0e35c0bf1158bd41c6c,2801
    pantry-tree:
      sha256: d6e2d12e0e66eb9392301ec97d50677afb71608568f3664eb466a4451c66ba59
      size: 593
  original:
    hackage: hoauth2-2.2.0
snapshots:
- completed:
    sha256: b18614ab8986a4ba6d469921a2c18decab244af78309effa3d2dab85dbdfef80
    size: 611886
    url: https://raw.githubusercontent.com/commercialhaskell/stackage-snapshots/master/nightly/2022/2/25.yaml
  original: nightly-2022-02-25
