# This file was autogenerated by Stack.
# You should not edit this file by hand.
# For more information, please see the documentation at:
#   https://docs.haskellstack.org/en/stable/lock_files

packages:
- completed:
    hackage: hoauth2-2.6.0@sha256:168321df73bf75dc7cdda8e72725e9f3f624a9776b1fe59ae46c29c45029dc5d,2262
    pantry-tree:
      sha256: 5d39759b171cfaaf5842069a5548c2c1a41c0978645d018da7df713a186192b5
      size: 859
  original:
    hackage: hoauth2-2.6.0
snapshots:
- completed:
    sha256: b77e2c2b7988ed34cd317c01eb1958a8b8c234c3cc17e44077616c212959bed0
    size: 558756
    url: https://raw.githubusercontent.com/commercialhaskell/stackage-snapshots/master/nightly/2022/12/9.yaml
  original: nightly-2022-12-09
